
Microsoft Visual Studio Solution File, Format Version 12.00
# Visual Studio 15
VisualStudioVersion = 15.0.28307.1145
MinimumVisualStudioVersion = 10.0.40219.1
Project("{9A19103F-16F7-4668-BE54-9A1E7A4F7556}") = "AdvancedNewsPaper", "AdvancedNewsPaper\AdvancedNewsPaper.csproj", "{076C3DE6-8180-46EE-8B8D-C9A5FEAD5482}"
EndProject
Project("{FAE04EC0-301F-11D3-BF4B-00C04F79EFBC}") = "NewsPaper2", "NewsPaper2\NewsPaper2.csproj", "{8E78CB7B-5CF4-4FF8-9FFF-BB911D1D6E1A}"
EndProject
Global
	GlobalSection(SolutionConfigurationPlatforms) = preSolution
		Debug|Any CPU = Debug|Any CPU
		Release|Any CPU = Release|Any CPU
	EndGlobalSection
	GlobalSection(ProjectConfigurationPlatforms) = postSolution
		{076C3DE6-8180-46EE-8B8D-C9A5FEAD5482}.Debug|Any CPU.ActiveCfg = Debug|Any CPU
		{076C3DE6-8180-46EE-8B8D-C9A5FEAD5482}.Debug|Any CPU.Build.0 = Debug|Any CPU
		{076C3DE6-8180-46EE-8B8D-C9A5FEAD5482}.Release|Any CPU.ActiveCfg = Release|Any CPU
		{076C3DE6-8180-46EE-8B8D-C9A5FEAD5482}.Release|Any CPU.Build.0 = Release|Any CPU
		{8E78CB7B-5CF4-4FF8-9FFF-BB911D1D6E1A}.Debug|Any CPU.ActiveCfg = Debug|Any CPU
		{8E78CB7B-5CF4-4FF8-9FFF-BB911D1D6E1A}.Debug|Any CPU.Build.0 = Debug|Any CPU
		{8E78CB7B-5CF4-4FF8-9FFF-BB911D1D6E1A}.Release|Any CPU.ActiveCfg = Release|Any CPU
		{8E78CB7B-5CF4-4FF8-9FFF-BB911D1D6E1A}.Release|Any CPU.Build.0 = Release|Any CPU
	EndGlobalSection
	GlobalSection(SolutionProperties) = preSolution
		HideSolutionNode = FALSE
	EndGlobalSection
	GlobalSection(ExtensibilityGlobals) = postSolution
		SolutionGuid = {653A0514-FE1C-4EA4-B742-86414CB11F62}
	EndGlobalSection
EndGlobal
